
Microsoft Visual Studio Solution File, Format Version 12.00
# Visual Studio Version 16
VisualStudioVersion = 16.0.30011.22
MinimumVisualStudioVersion = 10.0.40219.1
Project("{FAE04EC0-301F-11D3-BF4B-00C04F79EFBC}") = "EjercicioFacultad", "EjercicioFacultad.csproj", "{7568ECAE-399A-43C0-AC17-C590508B9235}"
EndProject
Project("{FAE04EC0-301F-11D3-BF4B-00C04F79EFBC}") = "FacultadLibreria", "..\FacultadLibreria\FacultadLibreria.csproj", "{69B55752-4273-4AFE-85FA-78E29B507B74}"
EndProject
Global
	GlobalSection(SolutionConfigurationPlatforms) = preSolution
		Debug|Any CPU = Debug|Any CPU
		Release|Any CPU = Release|Any CPU
	EndGlobalSection
	GlobalSection(ProjectConfigurationPlatforms) = postSolution
		{7568ECAE-399A-43C0-AC17-C590508B9235}.Debug|Any CPU.ActiveCfg = Debug|Any CPU
		{7568ECAE-399A-43C0-AC17-C590508B9235}.Debug|Any CPU.Build.0 = Debug|Any CPU
		{7568ECAE-399A-43C0-AC17-C590508B9235}.Release|Any CPU.ActiveCfg = Release|Any CPU
		{7568ECAE-399A-43C0-AC17-C590508B9235}.Release|Any CPU.Build.0 = Release|Any CPU
		{69B55752-4273-4AFE-85FA-78E29B507B74}.Debug|Any CPU.ActiveCfg = Debug|Any CPU
		{69B55752-4273-4AFE-85FA-78E29B507B74}.Debug|Any CPU.Build.0 = Debug|Any CPU
		{69B55752-4273-4AFE-85FA-78E29B507B74}.Release|Any CPU.ActiveCfg = Release|Any CPU
		{69B55752-4273-4AFE-85FA-78E29B507B74}.Release|Any CPU.Build.0 = Release|Any CPU
	EndGlobalSection
	GlobalSection(SolutionProperties) = preSolution
		HideSolutionNode = FALSE
	EndGlobalSection
	GlobalSection(ExtensibilityGlobals) = postSolution
		SolutionGuid = {6746B545-CB81-4065-B24E-F7C07E08FCDD}
	EndGlobalSection
EndGlobal
